
Microsoft Visual Studio Solution File, Format Version 12.00
# Visual Studio Version 17
VisualStudioVersion = 17.14.36518.9
MinimumVisualStudioVersion = 10.0.40219.1
Project("{FAE04EC0-301F-11D3-BF4B-00C04F79EFBC}") = "AdvancedCalculator", "AdvancedCalculator\AdvancedCalculator.csproj", "{761A22CB-3B71-43FC-9F9E-5A9DFE9CE51E}"
EndProject
Project("{FAE04EC0-301F-11D3-BF4B-00C04F79EFBC}") = "PhoneDirectory", "PhoneDirectory\PhoneDirectory.csproj", "{BB624A80-12FE-4985-9F43-189735B427EE}"
EndProject
Project("{FAE04EC0-301F-11D3-BF4B-00C04F79EFBC}") = "GeometricCalculator", "GeometricCalculator\GeometricCalculator.csproj", "{4D17BD6B-13F5-4B31-AFB5-738B54957CC8}"
EndProject
Global
	GlobalSection(SolutionConfigurationPlatforms) = preSolution
		Debug|Any CPU = Debug|Any CPU
		Release|Any CPU = Release|Any CPU
	EndGlobalSection
	GlobalSection(ProjectConfigurationPlatforms) = postSolution
		{761A22CB-3B71-43FC-9F9E-5A9DFE9CE51E}.Debug|Any CPU.ActiveCfg = Debug|Any CPU
		{761A22CB-3B71-43FC-9F9E-5A9DFE9CE51E}.Debug|Any CPU.Build.0 = Debug|Any CPU
		{761A22CB-3B71-43FC-9F9E-5A9DFE9CE51E}.Release|Any CPU.ActiveCfg = Release|Any CPU
		{761A22CB-3B71-43FC-9F9E-5A9DFE9CE51E}.Release|Any CPU.Build.0 = Release|Any CPU
		{BB624A80-12FE-4985-9F43-189735B427EE}.Debug|Any CPU.ActiveCfg = Debug|Any CPU
		{BB624A80-12FE-4985-9F43-189735B427EE}.Debug|Any CPU.Build.0 = Debug|Any CPU
		{BB624A80-12FE-4985-9F43-189735B427EE}.Release|Any CPU.ActiveCfg = Release|Any CPU
		{BB624A80-12FE-4985-9F43-189735B427EE}.Release|Any CPU.Build.0 = Release|Any CPU
		{4D17BD6B-13F5-4B31-AFB5-738B54957CC8}.Debug|Any CPU.ActiveCfg = Debug|Any CPU
		{4D17BD6B-13F5-4B31-AFB5-738B54957CC8}.Debug|Any CPU.Build.0 = Debug|Any CPU
		{4D17BD6B-13F5-4B31-AFB5-738B54957CC8}.Release|Any CPU.ActiveCfg = Release|Any CPU
		{4D17BD6B-13F5-4B31-AFB5-738B54957CC8}.Release|Any CPU.Build.0 = Release|Any CPU
	EndGlobalSection
	GlobalSection(SolutionProperties) = preSolution
		HideSolutionNode = FALSE
	EndGlobalSection
	GlobalSection(ExtensibilityGlobals) = postSolution
		SolutionGuid = {461D8DB5-E786-4F41-8C05-F9B581F4388B}
	EndGlobalSection
EndGlobal
